// !$*UTF8*$!
{
	archiveVersion = 1;
	classes = {
	};
	objectVersion = 46;
	objects = {

/* Begin PBXBuildFile section */
		13835D6A1C2013850047F0C0 /* AppDelegate.swift in Sources */ = {isa = PBXBuildFile; fileRef = 13835D691C2013850047F0C0 /* AppDelegate.swift */; };
		13835D6C1C2013850047F0C0 /* ViewController.swift in Sources */ = {isa = PBXBuildFile; fileRef = 13835D6B1C2013850047F0C0 /* ViewController.swift */; };
		13835D6F1C2013850047F0C0 /* Main.storyboard in Resources */ = {isa = PBXBuildFile; fileRef = 13835D6D1C2013850047F0C0 /* Main.storyboard */; };
		13835D711C2013850047F0C0 /* Assets.xcassets in Resources */ = {isa = PBXBuildFile; fileRef = 13835D701C2013850047F0C0 /* Assets.xcassets */; };
		13835D741C2013850047F0C0 /* LaunchScreen.storyboard in Resources */ = {isa = PBXBuildFile; fileRef = 13835D721C2013850047F0C0 /* LaunchScreen.storyboard */; };
/* End PBXBuildFile section */

/* Begin PBXFileReference section */
		13835D661C2013850047F0C0 /* Sharpener.app */ = {isa = PBXFileReference; explicitFileType = wrapper.application; includeInIndex = 0; path = Sharpener.app; sourceTree = BUILT_PRODUCTS_DIR; };
		13835D691C2013850047F0C0 /* AppDelegate.swift */ = {isa = PBXFileReference; lastKnownFileType = sourcecode.swift; path = AppDelegate.swift; sourceTree = "<group>"; };
		13835D6B1C2013850047F0C0 /* ViewController.swift */ = {isa = PBXFileReference; lastKnownFileType = sourcecode.swift; path = ViewController.swift; sourceTree = "<group>"; };
		13835D6E1C2013850047F0C0 /* Base */ = {isa = PBXFileReference; lastKnownFileType = file.storyboard; name = Base; path = Base.lproj/Main.storyboard; sourceTree = "<group>"; };
		13835D701C2013850047F0C0 /* Assets.xcassets */ = {isa = PBXFileReference; lastKnownFileType = folder.assetcatalog; path = Assets.xcassets; sourceTree = "<group>"; };
		13835D731C2013850047F0C0 /* Base */ = {isa = PBXFileReference; lastKnownFileType = file.storyboard; name = Base; path = Base.lproj/LaunchScreen.storyboard; sourceTree = "<group>"; };
		13835D751C2013850047F0C0 /* Info.plist */ = {isa = PBXFileReference; lastKnownFileType = text.plist.xml; path = Info.plist; sourceTree = "<group>"; };
/* End PBXFileReference section */

/* Begin PBXFrameworksBuildPhase section */
		13835D631C2013850047F0C0 /* Frameworks */ = {
			isa = PBXFrameworksBuildPhase;
			buildActionMask = 2147483647;
			files = (
			);
			runOnlyForDeploymentPostprocessing = 0;
		};
/* End PBXFrameworksBuildPhase section */

/* Begin PBXGroup section */
		13835D5D1C2013850047F0C0 = {
			isa = PBXGroup;
			children = (
				13835D681C2013850047F0C0 /* Sharpener */,
				13835D671C2013850047F0C0 /* Products */,
			);
			sourceTree = "<group>";
		};
		13835D671C2013850047F0C0 /* Products */ = {
			isa = PBXGroup;
			children = (
				13835D661C2013850047F0C0 /* Sharpener.app */,
			);
			name = Products;
			sourceTree = "<group>";
		};
		13835D681C2013850047F0C0 /* Sharpener */ = {
			isa = PBXGroup;
			children = (
				13835D691C2013850047F0C0 /* AppDelegate.swift */,
				13835D6B1C2013850047F0C0 /* ViewController.swift */,
				13835D6D1C2013850047F0C0 /* Main.storyboard */,
				13835D701C2013850047F0C0 /* Assets.xcassets */,
				13835D721C2013850047F0C0 /* LaunchScreen.storyboard */,
				13835D751C2013850047F0C0 /* Info.plist */,
			);
			path = Sharpener;
			sourceTree = "<group>";
		};
/* End PBXGroup section */

/* Begin PBXNativeTarget section */
		13835D651C2013850047F0C0 /* Sharpener */ = {
			isa = PBXNativeTarget;
			buildConfigurationList = 13835D781C2013850047F0C0 /* Build configuration list for PBXNativeTarget "Sharpener" */;
			buildPhases = (
				13835D621C2013850047F0C0 /* Sources */,
				13835D631C2013850047F0C0 /* Frameworks */,
				13835D641C2013850047F0C0 /* Resources */,
			);
			buildRules = (
			);
			dependencies = (
			);
			name = Sharpener;
			productName = Sharpener;
			productReference = 13835D661C2013850047F0C0 /* Sharpener.app */;
			productType = "com.apple.product-type.application";
		};
/* End PBXNativeTarget section */

/* Begin PBXProject section */
		13835D5E1C2013850047F0C0 /* Project object */ = {
			isa = PBXProject;
			attributes = {
				LastSwiftUpdateCheck = 0720;
				LastUpgradeCheck = 0720;
				ORGANIZATIONNAME = "Inti Guo";
				TargetAttributes = {
					13835D651C2013850047F0C0 = {
						CreatedOnToolsVersion = 7.2;
						DevelopmentTeam = 55U5W647LP;
					};
				};
			};
			buildConfigurationList = 13835D611C2013850047F0C0 /* Build configuration list for PBXProject "Sharpener" */;
			compatibilityVersion = "Xcode 3.2";
			developmentRegion = English;
			hasScannedForEncodings = 0;
			knownRegions = (
				en,
				Base,
			);
			mainGroup = 13835D5D1C2013850047F0C0;
			productRefGroup = 13835D671C2013850047F0C0 /* Products */;
			projectDirPath = "";
			projectRoot = "";
			targets = (
				13835D651C2013850047F0C0 /* Sharpener */,
			);
		};
/* End PBXProject section */

/* Begin PBXResourcesBuildPhase section */
		13835D641C2013850047F0C0 /* Resources */ = {
			isa = PBXResourcesBuildPhase;
			buildActionMask = 2147483647;
			files = (
				13835D741C2013850047F0C0 /* LaunchScreen.storyboard in Resources */,
				13835D711C2013850047F0C0 /* Assets.xcassets in Resources */,
				13835D6F1C2013850047F0C0 /* Main.storyboard in Resources */,
			);
			runOnlyForDeploymentPostprocessing = 0;
		};
/* End PBXResourcesBuildPhase section */

/* Begin PBXSourcesBuildPhase section */
		13835D621C2013850047F0C0 /* Sources */ = {
			isa = PBXSourcesBuildPhase;
			buildActionMask = 2147483647;
			files = (
				13835D6C1C2013850047F0C0 /* ViewController.swift in Sources */,
				13835D6A1C2013850047F0C0 /* AppDelegate.swift in Sources */,
			);
			runOnlyForDeploymentPostprocessing = 0;
		};
/* End PBXSourcesBuildPhase section */

/* Begin PBXVariantGroup section */
		13835D6D1C2013850047F0C0 /* Main.storyboard */ = {
			isa = PBXVariantGroup;
			children = (
				13835D6E1C2013850047F0C0 /* Base */,
			);
			name = Main.storyboard;
			sourceTree = "<group>";
		};
		13835D721C2013850047F0C0 /* LaunchScreen.storyboard */ = {
			isa = PBXVariantGroup;
			children = (
				13835D731C2013850047F0C0 /* Base */,
			);
			name = LaunchScreen.storyboard;
			sourceTree = "<group>";
		};
/* End PBXVariantGroup section */

/* Begin XCBuildConfiguration section */
		13835D761C2013850047F0C0 /* Debug */ = {
			isa = XCBuildConfiguration;
			buildSettings = {
				ALWAYS_SEARCH_USER_PATHS = NO;
				CLANG_CXX_LANGUAGE_STANDARD = "gnu++0x";
				CLANG_CXX_LIBRARY = "libc++";
				CLANG_ENABLE_MODULES = YES;
				CLANG_ENABLE_OBJC_ARC = YES;
				CLANG_WARN_BOOL_CONVERSION = YES;
				CLANG_WARN_CONSTANT_CONVERSION = YES;
				CLANG_WARN_DIRECT_OBJC_ISA_USAGE = YES_ERROR;
				CLANG_WARN_EMPTY_BODY = YES;
				CLANG_WARN_ENUM_CONVERSION = YES;
				CLANG_WARN_INT_CONVERSION = YES;
				CLANG_WARN_OBJC_ROOT_CLASS = YES_ERROR;
				CLANG_WARN_UNREACHABLE_CODE = YES;
				CLANG_WARN__DUPLICATE_METHOD_MATCH = YES;
				"CODE_SIGN_IDENTITY[sdk=iphoneos*]" = "iPhone Developer";
				COPY_PHASE_STRIP = NO;
				DEBUG_INFORMATION_FORMAT = dwarf;
				ENABLE_STRICT_OBJC_MSGSEND = YES;
				ENABLE_TESTABILITY = YES;
				GCC_C_LANGUAGE_STANDARD = gnu99;
				GCC_DYNAMIC_NO_PIC = NO;
				GCC_NO_COMMON_BLOCKS = YES;
				GCC_OPTIMIZATION_LEVEL = 0;
				GCC_PREPROCESSOR_DEFINITIONS = (
					"DEBUG=1",
					"$(inherited)",
				);
				GCC_WARN_64_TO_32_BIT_CONVERSION = YES;
				GCC_WARN_ABOUT_RETURN_TYPE = YES_ERROR;
				GCC_WARN_UNDECLARED_SELECTOR = YES;
				GCC_WARN_UNINITIALIZED_AUTOS = YES_AGGRESSIVE;
				GCC_WARN_UNUSED_FUNCTION = YES;
				GCC_WARN_UNUSED_VARIABLE = YES;
				IPHONEOS_DEPLOYMENT_TARGET = 9.2;
				MTL_ENABLE_DEBUG_INFO = YES;
				ONLY_ACTIVE_ARCH = YES;
				SDKROOT = iphoneos;
				SWIFT_OPTIMIZATION_LEVEL = "-Onone";
				TARGETED_DEVICE_FAMILY = "1,2";
			};
			name = Debug;
		};
		13835D771C2013850047F0C0 /* Release */ = {
			isa = XCBuildConfiguration;
			buildSettings = {
				ALWAYS_SEARCH_USER_PATHS = NO;
				CLANG_CXX_LANGUAGE_STANDARD = "gnu++0x";
				CLANG_CXX_LIBRARY = "libc++";
				CLANG_ENABLE_MODULES = YES;
				CLANG_ENABLE_OBJC_ARC = YES;
				CLANG_WARN_BOOL_CONVERSION = YES;
				CLANG_WARN_CONSTANT_CONVERSION = YES;
				CLANG_WARN_DIRECT_OBJC_ISA_USAGE = YES_ERROR;
				CLANG_WARN_EMPTY_BODY = YES;
				CLANG_WARN_ENUM_CONVERSION = YES;
				CLANG_WARN_INT_CONVERSION = YES;
				CLANG_WARN_OBJC_ROOT_CLASS = YES_ERROR;
				CLANG_WARN_UNREACHABLE_CODE = YES;
				CLANG_WARN__DUPLICATE_METHOD_MATCH = YES;
				"CODE_SIGN_IDENTITY[sdk=iphoneos*]" = "iPhone Developer";
				COPY_PHASE_STRIP = NO;
				DEBUG_INFORMATION_FORMAT = "dwarf-with-dsym";
				ENABLE_NS_ASSERTIONS = NO;
				ENABLE_STRICT_OBJC_MSGSEND = YES;
				GCC_C_LANGUAGE_STANDARD = gnu99;
				GCC_NO_COMMON_BLOCKS = YES;
				GCC_WARN_64_TO_32_BIT_CONVERSION = YES;
				GCC_WARN_ABOUT_RETURN_TYPE = YES_ERROR;
				GCC_WARN_UNDECLARED_SELECTOR = YES;
				GCC_WARN_UNINITIALIZED_AUTOS = YES_AGGRESSIVE;
				GCC_WARN_UNUSED_FUNCTION = YES;
				GCC_WARN_UNUSED_VARIABLE = YES;
				IPHONEOS_DEPLOYMENT_TARGET = 9.2;
				MTL_ENABLE_DEBUG_INFO = NO;
				SDKROOT = iphoneos;
				TARGETED_DEVICE_FAMILY = "1,2";
				VALIDATE_PRODUCT = YES;
			};
			name = Release;
		};
		13835D791C2013850047F0C0 /* Debug */ = {
			isa = XCBuildConfiguration;
			buildSettings = {
				ASSETCATALOG_COMPILER_APPICON_NAME = AppIcon;
				INFOPLIST_FILE = Sharpener/Info.plist;
				LD_RUNPATH_SEARCH_PATHS = "$(inherited) @executable_path/Frameworks";
				PRODUCT_BUNDLE_IDENTIFIER = com.intiicom.Sharpener;
				PRODUCT_NAME = "$(TARGET_NAME)";
			};
			name = Debug;
		};
		13835D7A1C2013850047F0C0 /* Release */ = {
			isa = XCBuildConfiguration;
			buildSettings = {
				ASSETCATALOG_COMPILER_APPICON_NAME = AppIcon;
				INFOPLIST_FILE = Sharpener/Info.plist;
				LD_RUNPATH_SEARCH_PATHS = "$(inherited) @executable_path/Frameworks";
				PRODUCT_BUNDLE_IDENTIFIER = com.intiicom.Sharpener;
				PRODUCT_NAME = "$(TARGET_NAME)";
			};
			name = Release;
		};
/* End XCBuildConfiguration section */

/* Begin XCConfigurationList section */
		13835D611C2013850047F0C0 /* Build configuration list for PBXProject "Sharpener" */ = {
			isa = XCConfigurationList;
			buildConfigurations = (
				13835D761C2013850047F0C0 /* Debug */,
				13835D771C2013850047F0C0 /* Release */,
			);
			defaultConfigurationIsVisible = 0;
			defaultConfigurationName = Release;
		};
		13835D781C2013850047F0C0 /* Build configuration list for PBXNativeTarget "Sharpener" */ = {
			isa = XCConfigurationList;
			buildConfigurations = (
				13835D791C2013850047F0C0 /* Debug */,
				13835D7A1C2013850047F0C0 /* Release */,
			);
			defaultConfigurationIsVisible = 0;
		};
/* End XCConfigurationList section */
	};
	rootObject = 13835D5E1C2013850047F0C0 /* Project object */;
}
